
Microsoft Visual Studio Solution File, Format Version 12.00
# Visual Studio Version 17
VisualStudioVersion = 17.10.35004.147
MinimumVisualStudioVersion = 10.0.40219.1
Project("{FAE04EC0-301F-11D3-BF4B-00C04F79EFBC}") = "MethodsAndObjects", "MethodsAndObjects\MethodsAndObjects.csproj", "{0EFFED33-A5FC-4CBD-9FE0-F1B71A66DC32}"
EndProject
Global
	GlobalSection(SolutionConfigurationPlatforms) = preSolution
		Debug|Any CPU = Debug|Any CPU
		Release|Any CPU = Release|Any CPU
	EndGlobalSection
	GlobalSection(ProjectConfigurationPlatforms) = postSolution
		{0EFFED33-A5FC-4CBD-9FE0-F1B71A66DC32}.Debug|Any CPU.ActiveCfg = Debug|Any CPU
		{0EFFED33-A5FC-4CBD-9FE0-F1B71A66DC32}.Debug|Any CPU.Build.0 = Debug|Any CPU
		{0EFFED33-A5FC-4CBD-9FE0-F1B71A66DC32}.Release|Any CPU.ActiveCfg = Release|Any CPU
		{0EFFED33-A5FC-4CBD-9FE0-F1B71A66DC32}.Release|Any CPU.Build.0 = Release|Any CPU
	EndGlobalSection
	GlobalSection(SolutionProperties) = preSolution
		HideSolutionNode = FALSE
	EndGlobalSection
	GlobalSection(ExtensibilityGlobals) = postSolution
		SolutionGuid = {B00D674B-EAD5-4A58-9A4E-E8915567036F}
	EndGlobalSection
EndGlobal
