
Microsoft Visual Studio Solution File, Format Version 12.00
# Visual Studio Version 17
VisualStudioVersion = 17.10.35004.147
MinimumVisualStudioVersion = 10.0.40219.1
Project("{FAE04EC0-301F-11D3-BF4B-00C04F79EFBC}") = "Strings and Integers Assignment", "Strings and Integers Assignment\Strings and Integers Assignment.csproj", "{A9A71816-35DE-4715-94EC-5A03628E81EF}"
EndProject
Global
	GlobalSection(SolutionConfigurationPlatforms) = preSolution
		Debug|Any CPU = Debug|Any CPU
		Release|Any CPU = Release|Any CPU
	EndGlobalSection
	GlobalSection(ProjectConfigurationPlatforms) = postSolution
		{A9A71816-35DE-4715-94EC-5A03628E81EF}.Debug|Any CPU.ActiveCfg = Debug|Any CPU
		{A9A71816-35DE-4715-94EC-5A03628E81EF}.Debug|Any CPU.Build.0 = Debug|Any CPU
		{A9A71816-35DE-4715-94EC-5A03628E81EF}.Release|Any CPU.ActiveCfg = Release|Any CPU
		{A9A71816-35DE-4715-94EC-5A03628E81EF}.Release|Any CPU.Build.0 = Release|Any CPU
	EndGlobalSection
	GlobalSection(SolutionProperties) = preSolution
		HideSolutionNode = FALSE
	EndGlobalSection
	GlobalSection(ExtensibilityGlobals) = postSolution
		SolutionGuid = {864EC8A2-9E5C-4E12-9087-2DD8DF3D4BAA}
	EndGlobalSection
EndGlobal
