
Microsoft Visual Studio Solution File, Format Version 12.00
# Visual Studio Version 17
VisualStudioVersion = 17.10.35004.147
MinimumVisualStudioVersion = 10.0.40219.1
Project("{FAE04EC0-301F-11D3-BF4B-00C04F79EFBC}") = "Datetime Assignment", "Datetime Assignment\Datetime Assignment.csproj", "{C5DE97E8-ACE8-40EE-BF77-135CD07AFABE}"
EndProject
Global
	GlobalSection(SolutionConfigurationPlatforms) = preSolution
		Debug|Any CPU = Debug|Any CPU
		Release|Any CPU = Release|Any CPU
	EndGlobalSection
	GlobalSection(ProjectConfigurationPlatforms) = postSolution
		{C5DE97E8-ACE8-40EE-BF77-135CD07AFABE}.Debug|Any CPU.ActiveCfg = Debug|Any CPU
		{C5DE97E8-ACE8-40EE-BF77-135CD07AFABE}.Debug|Any CPU.Build.0 = Debug|Any CPU
		{C5DE97E8-ACE8-40EE-BF77-135CD07AFABE}.Release|Any CPU.ActiveCfg = Release|Any CPU
		{C5DE97E8-ACE8-40EE-BF77-135CD07AFABE}.Release|Any CPU.Build.0 = Release|Any CPU
	EndGlobalSection
	GlobalSection(SolutionProperties) = preSolution
		HideSolutionNode = FALSE
	EndGlobalSection
	GlobalSection(ExtensibilityGlobals) = postSolution
		SolutionGuid = {72A81C4A-EC85-4C89-9DF2-C4DE3660B4B3}
	EndGlobalSection
EndGlobal
