
Microsoft Visual Studio Solution File, Format Version 12.00
# Visual Studio Version 17
VisualStudioVersion = 17.12.35527.113 d17.12
MinimumVisualStudioVersion = 10.0.40219.1
Project("{FAE04EC0-301F-11D3-BF4B-00C04F79EFBC}") = "StudentsMVC", "StudentsMVC\StudentsMVC.csproj", "{CEB4EDE8-F671-4607-882C-22E6931A8ADB}"
EndProject
Global
	GlobalSection(SolutionConfigurationPlatforms) = preSolution
		Debug|Any CPU = Debug|Any CPU
		Release|Any CPU = Release|Any CPU
	EndGlobalSection
	GlobalSection(ProjectConfigurationPlatforms) = postSolution
		{CEB4EDE8-F671-4607-882C-22E6931A8ADB}.Debug|Any CPU.ActiveCfg = Debug|Any CPU
		{CEB4EDE8-F671-4607-882C-22E6931A8ADB}.Debug|Any CPU.Build.0 = Debug|Any CPU
		{CEB4EDE8-F671-4607-882C-22E6931A8ADB}.Release|Any CPU.ActiveCfg = Release|Any CPU
		{CEB4EDE8-F671-4607-882C-22E6931A8ADB}.Release|Any CPU.Build.0 = Release|Any CPU
	EndGlobalSection
	GlobalSection(SolutionProperties) = preSolution
		HideSolutionNode = FALSE
	EndGlobalSection
EndGlobal
