
Microsoft Visual Studio Solution File, Format Version 12.00
# Visual Studio Version 17
VisualStudioVersion = 17.10.35004.147
MinimumVisualStudioVersion = 10.0.40219.1
Project("{FAE04EC0-301F-11D3-BF4B-00C04F79EFBC}") = "Parsing Enums Assignment", "Parsing Enums Assignment\Parsing Enums Assignment.csproj", "{2055B144-ADE4-4B54-8EE9-EF066586D482}"
EndProject
Global
	GlobalSection(SolutionConfigurationPlatforms) = preSolution
		Debug|Any CPU = Debug|Any CPU
		Release|Any CPU = Release|Any CPU
	EndGlobalSection
	GlobalSection(ProjectConfigurationPlatforms) = postSolution
		{2055B144-ADE4-4B54-8EE9-EF066586D482}.Debug|Any CPU.ActiveCfg = Debug|Any CPU
		{2055B144-ADE4-4B54-8EE9-EF066586D482}.Debug|Any CPU.Build.0 = Debug|Any CPU
		{2055B144-ADE4-4B54-8EE9-EF066586D482}.Release|Any CPU.ActiveCfg = Release|Any CPU
		{2055B144-ADE4-4B54-8EE9-EF066586D482}.Release|Any CPU.Build.0 = Release|Any CPU
	EndGlobalSection
	GlobalSection(SolutionProperties) = preSolution
		HideSolutionNode = FALSE
	EndGlobalSection
	GlobalSection(ExtensibilityGlobals) = postSolution
		SolutionGuid = {53D6A07F-99AF-417E-93F4-775AD52AB94B}
	EndGlobalSection
EndGlobal
