
Microsoft Visual Studio Solution File, Format Version 12.00
# Visual Studio Version 17
VisualStudioVersion = 17.10.35004.147
MinimumVisualStudioVersion = 10.0.40219.1
Project("{FAE04EC0-301F-11D3-BF4B-00C04F79EFBC}") = "Input Assignment", "Input Assignment\Input Assignment.csproj", "{7429B384-CD88-4F40-852C-3C29A16F5A9B}"
EndProject
Global
	GlobalSection(SolutionConfigurationPlatforms) = preSolution
		Debug|Any CPU = Debug|Any CPU
		Release|Any CPU = Release|Any CPU
	EndGlobalSection
	GlobalSection(ProjectConfigurationPlatforms) = postSolution
		{7429B384-CD88-4F40-852C-3C29A16F5A9B}.Debug|Any CPU.ActiveCfg = Debug|Any CPU
		{7429B384-CD88-4F40-852C-3C29A16F5A9B}.Debug|Any CPU.Build.0 = Debug|Any CPU
		{7429B384-CD88-4F40-852C-3C29A16F5A9B}.Release|Any CPU.ActiveCfg = Release|Any CPU
		{7429B384-CD88-4F40-852C-3C29A16F5A9B}.Release|Any CPU.Build.0 = Release|Any CPU
	EndGlobalSection
	GlobalSection(SolutionProperties) = preSolution
		HideSolutionNode = FALSE
	EndGlobalSection
	GlobalSection(ExtensibilityGlobals) = postSolution
		SolutionGuid = {40F9E90A-E23C-4526-9C73-F16F346C7ACD}
	EndGlobalSection
EndGlobal
