
Microsoft Visual Studio Solution File, Format Version 12.00
# Visual Studio Version 17
VisualStudioVersion = 17.10.35004.147
MinimumVisualStudioVersion = 10.0.40219.1
Project("{FAE04EC0-301F-11D3-BF4B-00C04F79EFBC}") = "Lambda Expression Assignment", "Lambda Expression Assignment\Lambda Expression Assignment.csproj", "{7094E4B9-C757-415B-8CD6-146F2B2CC6E2}"
EndProject
Global
	GlobalSection(SolutionConfigurationPlatforms) = preSolution
		Debug|Any CPU = Debug|Any CPU
		Release|Any CPU = Release|Any CPU
	EndGlobalSection
	GlobalSection(ProjectConfigurationPlatforms) = postSolution
		{7094E4B9-C757-415B-8CD6-146F2B2CC6E2}.Debug|Any CPU.ActiveCfg = Debug|Any CPU
		{7094E4B9-C757-415B-8CD6-146F2B2CC6E2}.Debug|Any CPU.Build.0 = Debug|Any CPU
		{7094E4B9-C757-415B-8CD6-146F2B2CC6E2}.Release|Any CPU.ActiveCfg = Release|Any CPU
		{7094E4B9-C757-415B-8CD6-146F2B2CC6E2}.Release|Any CPU.Build.0 = Release|Any CPU
	EndGlobalSection
	GlobalSection(SolutionProperties) = preSolution
		HideSolutionNode = FALSE
	EndGlobalSection
	GlobalSection(ExtensibilityGlobals) = postSolution
		SolutionGuid = {8D47F715-E9F2-4687-8A1A-19B0204E624A}
	EndGlobalSection
EndGlobal
