
Microsoft Visual Studio Solution File, Format Version 12.00
# Visual Studio Version 16
VisualStudioVersion = 16.0.34729.46
MinimumVisualStudioVersion = 10.0.40219.1
Project("{FAE04EC0-301F-11D3-BF4B-00C04F79EFBC}") = "CraftShop.WebSite", "CraftShop.WebSite\CraftShop.WebSite.csproj", "{80D05EE9-6D52-487A-B766-A44F32143F24}"
EndProject
Global
	GlobalSection(SolutionConfigurationPlatforms) = preSolution
		Debug|Any CPU = Debug|Any CPU
		Release|Any CPU = Release|Any CPU
	EndGlobalSection
	GlobalSection(ProjectConfigurationPlatforms) = postSolution
		{80D05EE9-6D52-487A-B766-A44F32143F24}.Debug|Any CPU.ActiveCfg = Debug|Any CPU
		{80D05EE9-6D52-487A-B766-A44F32143F24}.Debug|Any CPU.Build.0 = Debug|Any CPU
		{80D05EE9-6D52-487A-B766-A44F32143F24}.Release|Any CPU.ActiveCfg = Release|Any CPU
		{80D05EE9-6D52-487A-B766-A44F32143F24}.Release|Any CPU.Build.0 = Release|Any CPU
	EndGlobalSection
	GlobalSection(SolutionProperties) = preSolution
		HideSolutionNode = FALSE
	EndGlobalSection
	GlobalSection(ExtensibilityGlobals) = postSolution
		SolutionGuid = {0EC4D88E-6C16-4A61-BEE6-DF585AFDBDB4}
	EndGlobalSection
EndGlobal
